lockfileVersion: '6.0'

settings:
  autoInstallPeers: true
  excludeLinksFromLockfile: false

devDependencies:
  '@ekhtest/workspace-release-cli':
    specifier: ^0.4.0
    version: 0.4.0
  only-allow:
    specifier: ^1.2.1
    version: 1.2.1

packages:

  /@ekhtest/workspace-release-cli@0.4.0:
    resolution: {integrity: sha512-YcP3r82i+p9WIb+Ia+7b23S6/lfozGEsjJSRgNdiXW0uJ8zteaBD6KOxzbSLjZASPlGv/33jBR1yOoaT6W3mEQ==}
    hasBin: true
    dependencies:
      commander: 12.1.0
      uuidv7: 1.0.2
    dev: true

  /commander@12.1.0:
    resolution: {integrity: sha512-Vw8qHK3bZM9y/P10u3Vib8o/DdkvA2OtPtZvD871QKjy74Wj1WSKFILMPRPSdUSx5RFK1arlJzEtA4PkFgnbuA==}
    engines: {node: '>=18'}
    dev: true

  /only-allow@1.2.1:
    resolution: {integrity: sha512-M7CJbmv7UCopc0neRKdzfoGWaVZC+xC1925GitKH9EAqYFzX9//25Q7oX4+jw0tiCCj+t5l6VZh8UPH23NZkMA==}
    hasBin: true
    dependencies:
      which-pm-runs: 1.1.0
    dev: true

  /uuidv7@1.0.2:
    resolution: {integrity: sha512-8JQkH4ooXnm1JCIhqTMbtmdnYEn6oKukBxHn1Ic9878jMkL7daTI7anTExfY18VRCX7tcdn5quzvCb6EWrR8PA==}
    hasBin: true
    dev: true

  /which-pm-runs@1.1.0:
    resolution: {integrity: sha512-n1brCuqClxfFfq/Rb0ICg9giSZqCS+pLtccdag6C2HyufBrh3fBOiy9nb6ggRMvWOVH5GrdJskj5iGTZNxd7SA==}
    engines: {node: '>=4'}
    dev: true
